
Microsoft Visual Studio Solution File, Format Version 12.00
# Visual Studio 2013
VisualStudioVersion = 12.0.30723.0
MinimumVisualStudioVersion = 10.0.40219.1
Project("{FAE04EC0-301F-11D3-BF4B-00C04F79EFBC}") = "SCM", "SCM\SCM.csproj", "{EDFD70AC-BF7D-4A08-896A-23670C7A2E15}"
EndProject
Project("{FAE04EC0-301F-11D3-BF4B-00C04F79EFBC}") = "DAL", "DAL\DAL.csproj", "{8A38EEE3-C139-4361-A48B-A2791E7889C5}"
EndProject
Global
	GlobalSection(SolutionConfigurationPlatforms) = preSolution
		Debug|Any CPU = Debug|Any CPU
		Release|Any CPU = Release|Any CPU
	EndGlobalSection
	GlobalSection(ProjectConfigurationPlatforms) = postSolution
		{EDFD70AC-BF7D-4A08-896A-23670C7A2E15}.Debug|Any CPU.ActiveCfg = Debug|Any CPU
		{EDFD70AC-BF7D-4A08-896A-23670C7A2E15}.Debug|Any CPU.Build.0 = Debug|Any CPU
		{EDFD70AC-BF7D-4A08-896A-23670C7A2E15}.Release|Any CPU.ActiveCfg = Release|Any CPU
		{EDFD70AC-BF7D-4A08-896A-23670C7A2E15}.Release|Any CPU.Build.0 = Release|Any CPU
		{8A38EEE3-C139-4361-A48B-A2791E7889C5}.Debug|Any CPU.ActiveCfg = Debug|Any CPU
		{8A38EEE3-C139-4361-A48B-A2791E7889C5}.Debug|Any CPU.Build.0 = Debug|Any CPU
		{8A38EEE3-C139-4361-A48B-A2791E7889C5}.Release|Any CPU.ActiveCfg = Release|Any CPU
		{8A38EEE3-C139-4361-A48B-A2791E7889C5}.Release|Any CPU.Build.0 = Release|Any CPU
	EndGlobalSection
	GlobalSection(SolutionProperties) = preSolution
		HideSolutionNode = FALSE
	EndGlobalSection
EndGlobal
